Microsoft Visual Studio Solution File, Format Version 12.00
# Visual Studio Version 17
VisualStudioVersion = 17.5.2.0
MinimumVisualStudioVersion = 10.0.40219.1
Project("{2150E333-8FDC-42A3-9474-1A3956D46DE8}") = "MojeZadania", "MojeZadania", "{1BE116C9-2507-8BC4-4466-047FC7252A16}"
EndProject
Project("{FAE04EC0-301F-11D3-BF4B-00C04F79EFBC}") = "CSharp", "MojeZadania\CSharp\CSharp.csproj", "{2B8357CE-90E7-91CA-1464-F4013FEF39CD}"
EndProject
Global
	GlobalSection(SolutionConfigurationPlatforms) = preSolution
		Debug|Any CPU = Debug|Any CPU
		Release|Any CPU = Release|Any CPU
	EndGlobalSection
	GlobalSection(ProjectConfigurationPlatforms) = postSolution
		{2B8357CE-90E7-91CA-1464-F4013FEF39CD}.Debug|Any CPU.ActiveCfg = Debug|Any CPU
		{2B8357CE-90E7-91CA-1464-F4013FEF39CD}.Debug|Any CPU.Build.0 = Debug|Any CPU
		{2B8357CE-90E7-91CA-1464-F4013FEF39CD}.Release|Any CPU.ActiveCfg = Release|Any CPU
		{2B8357CE-90E7-91CA-1464-F4013FEF39CD}.Release|Any CPU.Build.0 = Release|Any CPU
	EndGlobalSection
	GlobalSection(SolutionProperties) = preSolution
		HideSolutionNode = FALSE
	EndGlobalSection
	GlobalSection(NestedProjects) = preSolution
		{2B8357CE-90E7-91CA-1464-F4013FEF39CD} = {1BE116C9-2507-8BC4-4466-047FC7252A16}
	EndGlobalSection
	GlobalSection(ExtensibilityGlobals) = postSolution
		SolutionGuid = {54CB0DAA-4E54-4B79-ABC1-59B06791FDAA}
	EndGlobalSection
EndGlobal
